
Microsoft Visual Studio Solution File, Format Version 12.00
# Visual Studio 15
VisualStudioVersion = 15.0.28307.136
MinimumVisualStudioVersion = 10.0.40219.1
Project("{FAE04EC0-301F-11D3-BF4B-00C04F79EFBC}") = "OpenGL", "OpenGL\OpenGL.csproj", "{28DB575D-0D64-49B8-B127-499F9E928919}"
EndProject
Global
	GlobalSection(SolutionConfigurationPlatforms) = preSolution
		Debug|Any CPU = Debug|Any CPU
		Release|Any CPU = Release|Any CPU
	EndGlobalSection
	GlobalSection(ProjectConfigurationPlatforms) = postSolution
		{28DB575D-0D64-49B8-B127-499F9E928919}.Debug|Any CPU.ActiveCfg = Debug|Any CPU
		{28DB575D-0D64-49B8-B127-499F9E928919}.Debug|Any CPU.Build.0 = Debug|Any CPU
		{28DB575D-0D64-49B8-B127-499F9E928919}.Release|Any CPU.ActiveCfg = Release|Any CPU
		{28DB575D-0D64-49B8-B127-499F9E928919}.Release|Any CPU.Build.0 = Release|Any CPU
	EndGlobalSection
	GlobalSection(SolutionProperties) = preSolution
		HideSolutionNode = FALSE
	EndGlobalSection
	GlobalSection(ExtensibilityGlobals) = postSolution
		SolutionGuid = {6CD539BD-5FCC-4CDA-9510-D46648A2DAAF}
	EndGlobalSection
EndGlobal
